
Microsoft Visual Studio Solution File, Format Version 12.00
# Visual Studio Version 16
VisualStudioVersion = 16.0.32106.194
MinimumVisualStudioVersion = 10.0.40219.1
Project("{FAE04EC0-301F-11D3-BF4B-00C04F79EFBC}") = "PathFinding", "PathFinding.csproj", "{1BFAC060-063B-44D8-A389-CB8AD7AB73DF}"
EndProject
Global
	GlobalSection(SolutionConfigurationPlatforms) = preSolution
		Debug|Any CPU = Debug|Any CPU
		Release|Any CPU = Release|Any CPU
	EndGlobalSection
	GlobalSection(ProjectConfigurationPlatforms) = postSolution
		{1BFAC060-063B-44D8-A389-CB8AD7AB73DF}.Debug|Any CPU.ActiveCfg = Debug|Any CPU
		{1BFAC060-063B-44D8-A389-CB8AD7AB73DF}.Debug|Any CPU.Build.0 = Debug|Any CPU
		{1BFAC060-063B-44D8-A389-CB8AD7AB73DF}.Release|Any CPU.ActiveCfg = Release|Any CPU
		{1BFAC060-063B-44D8-A389-CB8AD7AB73DF}.Release|Any CPU.Build.0 = Release|Any CPU
	EndGlobalSection
	GlobalSection(SolutionProperties) = preSolution
		HideSolutionNode = FALSE
	EndGlobalSection
	GlobalSection(ExtensibilityGlobals) = postSolution
		SolutionGuid = {177B58EA-276C-4BE0-BE7B-591FF445B2CD}
	EndGlobalSection
EndGlobal
